
Microsoft Visual Studio Solution File, Format Version 12.00
# Visual Studio Version 17
VisualStudioVersion = 17.12.35514.174 d17.12
MinimumVisualStudioVersion = 10.0.40219.1
Project("{FAE04EC0-301F-11D3-BF4B-00C04F79EFBC}") = "ServerAPI", "ServerAPI\ServerAPI.csproj", "{D0F4F7D2-C92D-45FE-835B-1FC5B4AFA0FB}"
EndProject
Project("{E53339B2-1760-4266-BCC7-CA923CBCF16C}") = "docker-compose", "docker-compose.dcproj", "{3B833F90-63A8-47BC-A9A1-C150EB0B1236}"
EndProject
Global
	GlobalSection(SolutionConfigurationPlatforms) = preSolution
		Debug|Any CPU = Debug|Any CPU
		Release|Any CPU = Release|Any CPU
	EndGlobalSection
	GlobalSection(ProjectConfigurationPlatforms) = postSolution
		{D0F4F7D2-C92D-45FE-835B-1FC5B4AFA0FB}.Debug|Any CPU.ActiveCfg = Debug|Any CPU
		{D0F4F7D2-C92D-45FE-835B-1FC5B4AFA0FB}.Debug|Any CPU.Build.0 = Debug|Any CPU
		{D0F4F7D2-C92D-45FE-835B-1FC5B4AFA0FB}.Release|Any CPU.ActiveCfg = Release|Any CPU
		{D0F4F7D2-C92D-45FE-835B-1FC5B4AFA0FB}.Release|Any CPU.Build.0 = Release|Any CPU
		{3B833F90-63A8-47BC-A9A1-C150EB0B1236}.Debug|Any CPU.ActiveCfg = Debug|Any CPU
		{3B833F90-63A8-47BC-A9A1-C150EB0B1236}.Debug|Any CPU.Build.0 = Debug|Any CPU
		{3B833F90-63A8-47BC-A9A1-C150EB0B1236}.Release|Any CPU.ActiveCfg = Release|Any CPU
		{3B833F90-63A8-47BC-A9A1-C150EB0B1236}.Release|Any CPU.Build.0 = Release|Any CPU
	EndGlobalSection
	GlobalSection(SolutionProperties) = preSolution
		HideSolutionNode = FALSE
	EndGlobalSection
EndGlobal
